Microsoft Visual Studio Solution File, Format Version 12.00
# Visual Studio 15
VisualStudioVersion = 15.0.26228.9
MinimumVisualStudioVersion = 10.0.40219.1
Project("{2150E333-8FDC-42A3-9474-1A3956D46DE8}") = "src", "src", "{AFAA0841-BD93-466F-B8F4-FB4EEC86F1FC}"
EndProject
Project("{2150E333-8FDC-42A3-9474-1A3956D46DE8}") = "Infrastructure", "Infrastructure", "{1AE73193-A709-4809-AC2E-EA217091A1AA}"
EndProject
Project("{2150E333-8FDC-42A3-9474-1A3956D46DE8}") = "test", "test", "{B88EC554-4EC8-41E3-A268-D8E301D174D9}"
EndProject
Project("{9A19103F-16F7-4668-BE54-9A1E7A4F7556}") = "AcademyUnitTest", "test\AcademyUnitTest\AcademyUnitTest.csproj", "{5D510C62-9A3E-4978-A8AE-3268401BA33A}"
EndProject
Project("{2150E333-8FDC-42A3-9474-1A3956D46DE8}") = "Domain", "Domain", "{4351A6AB-6DEC-4945-B151-837FEEE08D20}"
EndProject
Project("{FAE04EC0-301F-11D3-BF4B-00C04F79EFBC}") = "Cnblogs.Academy.Domain", "src\Domain\Cnblogs.Academy.Domain\Cnblogs.Academy.Domain.csproj", "{E3B2A85A-7422-4FE2-B990-BF79B85488F1}"
EndProject
Project("{2150E333-8FDC-42A3-9474-1A3956D46DE8}") = "Application", "Application", "{954C4224-8F2E-43A4-AD7F-0A70FC8D8096}"
EndProject
Project("{FAE04EC0-301F-11D3-BF4B-00C04F79EFBC}") = "Cnblogs.Academy.Application", "src\Application\Cnblogs.Academy.Application\Cnblogs.Academy.Application.csproj", "{BC615F76-58BA-44DC-8BF3-E848742ECF8F}"
EndProject
Project("{FAE04EC0-301F-11D3-BF4B-00C04F79EFBC}") = "Cnblogs.Academy.Repositories", "src\Infrastructure\Cnblogs.Academy.Repositories\Cnblogs.Academy.Repositories.csproj", "{958D8CDD-0DD1-4D4A-B66B-DD5CB51D1D57}"
EndProject
Project("{FAE04EC0-301F-11D3-BF4B-00C04F79EFBC}") = "Cnblogs.Domain.Abstract", "src\Domain\Cnblogs.Domain.Abstract\Cnblogs.Domain.Abstract.csproj", "{68DACB9D-18E1-4E9D-B209-107D4E41AFE7}"
EndProject
Project("{FAE04EC0-301F-11D3-BF4B-00C04F79EFBC}") = "Cnblogs.CAP", "src\Infrastructure\Cnblogs.CAP\Cnblogs.CAP.csproj", "{D0854496-75B9-422A-9576-FC342973C704}"
EndProject
Project("{2150E333-8FDC-42A3-9474-1A3956D46DE8}") = "Presentation", "Presentation", "{B7A88A21-0F68-451C-9F59-8CA42AC92D68}"
EndProject
Project("{FAE04EC0-301F-11D3-BF4B-00C04F79EFBC}") = "Cnblogs.Academy.WebAPI", "src\Presentation\Cnblogs.Academy.WebAPI\Cnblogs.Academy.WebAPI.csproj", "{14982DDD-FB5E-47B8-9D96-3F6493CB9E36}"
EndProject
Project("{FAE04EC0-301F-11D3-BF4B-00C04F79EFBC}") = "Cnblogs.Academy.ServiceAgent", "src\Infrastructure\Cnblogs.Academy.ServiceAgent\Cnblogs.Academy.ServiceAgent.csproj", "{E0CABA15-40EC-464A-A504-5A994E4F423F}"
EndProject
Project("{FAE04EC0-301F-11D3-BF4B-00C04F79EFBC}") = "Cnblogs.Academy.DTO", "src\Application\Cnblogs.Academy.DTO\Cnblogs.Academy.DTO.csproj", "{4D798929-9B83-4887-85F8-E7A25DD68B83}"
EndProject
Project("{FAE04EC0-301F-11D3-BF4B-00C04F79EFBC}") = "Cnblogs.Academy.Cache", "src\Infrastructure\Cnblogs.Academy.Cache\Cnblogs.Academy.Cache.csproj", "{60F2EEB2-C990-4CB1-B81E-8583645A691D}"
EndProject
Project("{FAE04EC0-301F-11D3-BF4B-00C04F79EFBC}") = "Cnblogs.Academy.Subscriber", "src\Application\Cnblogs.Academy.Subscriber\Cnblogs.Academy.Subscriber.csproj", "{1B5C42BF-DC42-4117-8D8C-EF2D947C374D}"
EndProject
Project("{FAE04EC0-301F-11D3-BF4B-00C04F79EFBC}") = "Cnblogs.Academy.Events", "src\Domain\Cnblogs.Academy.Events\Cnblogs.Academy.Events.csproj", "{110C5598-5337-4CE6-A47C-3A54209A5C72}"
EndProject
Project("{FAE04EC0-301F-11D3-BF4B-00C04F79EFBC}") = "Cnblogs.Academy.Common", "src\Infrastructure\Cnblogs.Academy.Common\Cnblogs.Academy.Common.csproj", "{9F2DC1F0-88E3-4DEE-A271-41D6F8C68B6A}"
EndProject
Global
	GlobalSection(SolutionConfigurationPlatforms) = preSolution
		Debug|Any CPU = Debug|Any CPU
		Debug|x64 = Debug|x64
		Debug|x86 = Debug|x86
		Release|Any CPU = Release|Any CPU
		Release|x64 = Release|x64
		Release|x86 = Release|x86
	EndGlobalSection
	GlobalSection(ProjectConfigurationPlatforms) = postSolution
		{5D510C62-9A3E-4978-A8AE-3268401BA33A}.Debug|Any CPU.ActiveCfg = Debug|Any CPU
		{5D510C62-9A3E-4978-A8AE-3268401BA33A}.Debug|Any CPU.Build.0 = Debug|Any CPU
		{5D510C62-9A3E-4978-A8AE-3268401BA33A}.Debug|x64.ActiveCfg = Debug|Any CPU
		{5D510C62-9A3E-4978-A8AE-3268401BA33A}.Debug|x64.Build.0 = Debug|Any CPU
		{5D510C62-9A3E-4978-A8AE-3268401BA33A}.Debug|x86.ActiveCfg = Debug|Any CPU
		{5D510C62-9A3E-4978-A8AE-3268401BA33A}.Debug|x86.Build.0 = Debug|Any CPU
		{5D510C62-9A3E-4978-A8AE-3268401BA33A}.Release|Any CPU.ActiveCfg = Release|Any CPU
		{5D510C62-9A3E-4978-A8AE-3268401BA33A}.Release|Any CPU.Build.0 = Release|Any CPU
		{5D510C62-9A3E-4978-A8AE-3268401BA33A}.Release|x64.ActiveCfg = Release|Any CPU
		{5D510C62-9A3E-4978-A8AE-3268401BA33A}.Release|x64.Build.0 = Release|Any CPU
		{5D510C62-9A3E-4978-A8AE-3268401BA33A}.Release|x86.ActiveCfg = Release|Any CPU
		{5D510C62-9A3E-4978-A8AE-3268401BA33A}.Release|x86.Build.0 = Release|Any CPU
		{E3B2A85A-7422-4FE2-B990-BF79B85488F1}.Debug|Any CPU.ActiveCfg = Debug|Any CPU
		{E3B2A85A-7422-4FE2-B990-BF79B85488F1}.Debug|Any CPU.Build.0 = Debug|Any CPU
		{E3B2A85A-7422-4FE2-B990-BF79B85488F1}.Debug|x64.ActiveCfg = Debug|Any CPU
		{E3B2A85A-7422-4FE2-B990-BF79B85488F1}.Debug|x64.Build.0 = Debug|Any CPU
		{E3B2A85A-7422-4FE2-B990-BF79B85488F1}.Debug|x86.ActiveCfg = Debug|Any CPU
		{E3B2A85A-7422-4FE2-B990-BF79B85488F1}.Debug|x86.Build.0 = Debug|Any CPU
		{E3B2A85A-7422-4FE2-B990-BF79B85488F1}.Release|Any CPU.ActiveCfg = Release|Any CPU
		{E3B2A85A-7422-4FE2-B990-BF79B85488F1}.Release|Any CPU.Build.0 = Release|Any CPU
		{E3B2A85A-7422-4FE2-B990-BF79B85488F1}.Release|x64.ActiveCfg = Release|Any CPU
		{E3B2A85A-7422-4FE2-B990-BF79B85488F1}.Release|x64.Build.0 = Release|Any CPU
		{E3B2A85A-7422-4FE2-B990-BF79B85488F1}.Release|x86.ActiveCfg = Release|Any CPU
		{E3B2A85A-7422-4FE2-B990-BF79B85488F1}.Release|x86.Build.0 = Release|Any CPU
		{BC615F76-58BA-44DC-8BF3-E848742ECF8F}.Debug|Any CPU.ActiveCfg = Debug|Any CPU
		{BC615F76-58BA-44DC-8BF3-E848742ECF8F}.Debug|Any CPU.Build.0 = Debug|Any CPU
		{BC615F76-58BA-44DC-8BF3-E848742ECF8F}.Debug|x64.ActiveCfg = Debug|Any CPU
		{BC615F76-58BA-44DC-8BF3-E848742ECF8F}.Debug|x64.Build.0 = Debug|Any CPU
		{BC615F76-58BA-44DC-8BF3-E848742ECF8F}.Debug|x86.ActiveCfg = Debug|Any CPU
		{BC615F76-58BA-44DC-8BF3-E848742ECF8F}.Debug|x86.Build.0 = Debug|Any CPU
		{BC615F76-58BA-44DC-8BF3-E848742ECF8F}.Release|Any CPU.ActiveCfg = Release|Any CPU
		{BC615F76-58BA-44DC-8BF3-E848742ECF8F}.Release|Any CPU.Build.0 = Release|Any CPU
		{BC615F76-58BA-44DC-8BF3-E848742ECF8F}.Release|x64.ActiveCfg = Release|Any CPU
		{BC615F76-58BA-44DC-8BF3-E848742ECF8F}.Release|x64.Build.0 = Release|Any CPU
		{BC615F76-58BA-44DC-8BF3-E848742ECF8F}.Release|x86.ActiveCfg = Release|Any CPU
		{BC615F76-58BA-44DC-8BF3-E848742ECF8F}.Release|x86.Build.0 = Release|Any CPU
		{958D8CDD-0DD1-4D4A-B66B-DD5CB51D1D57}.Debug|Any CPU.ActiveCfg = Debug|Any CPU
		{958D8CDD-0DD1-4D4A-B66B-DD5CB51D1D57}.Debug|Any CPU.Build.0 = Debug|Any CPU
		{958D8CDD-0DD1-4D4A-B66B-DD5CB51D1D57}.Debug|x64.ActiveCfg = Debug|Any CPU
		{958D8CDD-0DD1-4D4A-B66B-DD5CB51D1D57}.Debug|x64.Build.0 = Debug|Any CPU
		{958D8CDD-0DD1-4D4A-B66B-DD5CB51D1D57}.Debug|x86.ActiveCfg = Debug|Any CPU
		{958D8CDD-0DD1-4D4A-B66B-DD5CB51D1D57}.Debug|x86.Build.0 = Debug|Any CPU
		{958D8CDD-0DD1-4D4A-B66B-DD5CB51D1D57}.Release|Any CPU.ActiveCfg = Release|Any CPU
		{958D8CDD-0DD1-4D4A-B66B-DD5CB51D1D57}.Release|Any CPU.Build.0 = Release|Any CPU
		{958D8CDD-0DD1-4D4A-B66B-DD5CB51D1D57}.Release|x64.ActiveCfg = Release|Any CPU
		{958D8CDD-0DD1-4D4A-B66B-DD5CB51D1D57}.Release|x64.Build.0 = Release|Any CPU
		{958D8CDD-0DD1-4D4A-B66B-DD5CB51D1D57}.Release|x86.ActiveCfg = Release|Any CPU
		{958D8CDD-0DD1-4D4A-B66B-DD5CB51D1D57}.Release|x86.Build.0 = Release|Any CPU
		{68DACB9D-18E1-4E9D-B209-107D4E41AFE7}.Debug|Any CPU.ActiveCfg = Debug|Any CPU
		{68DACB9D-18E1-4E9D-B209-107D4E41AFE7}.Debug|Any CPU.Build.0 = Debug|Any CPU
		{68DACB9D-18E1-4E9D-B209-107D4E41AFE7}.Debug|x64.ActiveCfg = Debug|Any CPU
		{68DACB9D-18E1-4E9D-B209-107D4E41AFE7}.Debug|x64.Build.0 = Debug|Any CPU
		{68DACB9D-18E1-4E9D-B209-107D4E41AFE7}.Debug|x86.ActiveCfg = Debug|Any CPU
		{68DACB9D-18E1-4E9D-B209-107D4E41AFE7}.Debug|x86.Build.0 = Debug|Any CPU
		{68DACB9D-18E1-4E9D-B209-107D4E41AFE7}.Release|Any CPU.ActiveCfg = Release|Any CPU
		{68DACB9D-18E1-4E9D-B209-107D4E41AFE7}.Release|Any CPU.Build.0 = Release|Any CPU
		{68DACB9D-18E1-4E9D-B209-107D4E41AFE7}.Release|x64.ActiveCfg = Release|Any CPU
		{68DACB9D-18E1-4E9D-B209-107D4E41AFE7}.Release|x64.Build.0 = Release|Any CPU
		{68DACB9D-18E1-4E9D-B209-107D4E41AFE7}.Release|x86.ActiveCfg = Release|Any CPU
		{68DACB9D-18E1-4E9D-B209-107D4E41AFE7}.Release|x86.Build.0 = Release|Any CPU
		{D0854496-75B9-422A-9576-FC342973C704}.Debug|Any CPU.ActiveCfg = Debug|Any CPU
		{D0854496-75B9-422A-9576-FC342973C704}.Debug|Any CPU.Build.0 = Debug|Any CPU
		{D0854496-75B9-422A-9576-FC342973C704}.Debug|x64.ActiveCfg = Debug|Any CPU
		{D0854496-75B9-422A-9576-FC342973C704}.Debug|x64.Build.0 = Debug|Any CPU
		{D0854496-75B9-422A-9576-FC342973C704}.Debug|x86.ActiveCfg = Debug|Any CPU
		{D0854496-75B9-422A-9576-FC342973C704}.Debug|x86.Build.0 = Debug|Any CPU
		{D0854496-75B9-422A-9576-FC342973C704}.Release|Any CPU.ActiveCfg = Release|Any CPU
		{D0854496-75B9-422A-9576-FC342973C704}.Release|Any CPU.Build.0 = Release|Any CPU
		{D0854496-75B9-422A-9576-FC342973C704}.Release|x64.ActiveCfg = Release|Any CPU
		{D0854496-75B9-422A-9576-FC342973C704}.Release|x64.Build.0 = Release|Any CPU
		{D0854496-75B9-422A-9576-FC342973C704}.Release|x86.ActiveCfg = Release|Any CPU
		{D0854496-75B9-422A-9576-FC342973C704}.Release|x86.Build.0 = Release|Any CPU
		{14982DDD-FB5E-47B8-9D96-3F6493CB9E36}.Debug|Any CPU.ActiveCfg = Debug|Any CPU
		{14982DDD-FB5E-47B8-9D96-3F6493CB9E36}.Debug|Any CPU.Build.0 = Debug|Any CPU
		{14982DDD-FB5E-47B8-9D96-3F6493CB9E36}.Debug|x64.ActiveCfg = Debug|Any CPU
		{14982DDD-FB5E-47B8-9D96-3F6493CB9E36}.Debug|x64.Build.0 = Debug|Any CPU
		{14982DDD-FB5E-47B8-9D96-3F6493CB9E36}.Debug|x86.ActiveCfg = Debug|Any CPU
		{14982DDD-FB5E-47B8-9D96-3F6493CB9E36}.Debug|x86.Build.0 = Debug|Any CPU
		{14982DDD-FB5E-47B8-9D96-3F6493CB9E36}.Release|Any CPU.ActiveCfg = Release|Any CPU
		{14982DDD-FB5E-47B8-9D96-3F6493CB9E36}.Release|Any CPU.Build.0 = Release|Any CPU
		{14982DDD-FB5E-47B8-9D96-3F6493CB9E36}.Release|x64.ActiveCfg = Release|Any CPU
		{14982DDD-FB5E-47B8-9D96-3F6493CB9E36}.Release|x64.Build.0 = Release|Any CPU
		{14982DDD-FB5E-47B8-9D96-3F6493CB9E36}.Release|x86.ActiveCfg = Release|Any CPU
		{14982DDD-FB5E-47B8-9D96-3F6493CB9E36}.Release|x86.Build.0 = Release|Any CPU
		{E0CABA15-40EC-464A-A504-5A994E4F423F}.Debug|Any CPU.ActiveCfg = Debug|Any CPU
		{E0CABA15-40EC-464A-A504-5A994E4F423F}.Debug|Any CPU.Build.0 = Debug|Any CPU
		{E0CABA15-40EC-464A-A504-5A994E4F423F}.Debug|x64.ActiveCfg = Debug|Any CPU
		{E0CABA15-40EC-464A-A504-5A994E4F423F}.Debug|x64.Build.0 = Debug|Any CPU
		{E0CABA15-40EC-464A-A504-5A994E4F423F}.Debug|x86.ActiveCfg = Debug|Any CPU
		{E0CABA15-40EC-464A-A504-5A994E4F423F}.Debug|x86.Build.0 = Debug|Any CPU
		{E0CABA15-40EC-464A-A504-5A994E4F423F}.Release|Any CPU.ActiveCfg = Release|Any CPU
		{E0CABA15-40EC-464A-A504-5A994E4F423F}.Release|Any CPU.Build.0 = Release|Any CPU
		{E0CABA15-40EC-464A-A504-5A994E4F423F}.Release|x64.ActiveCfg = Release|Any CPU
		{E0CABA15-40EC-464A-A504-5A994E4F423F}.Release|x64.Build.0 = Release|Any CPU
		{E0CABA15-40EC-464A-A504-5A994E4F423F}.Release|x86.ActiveCfg = Release|Any CPU
		{E0CABA15-40EC-464A-A504-5A994E4F423F}.Release|x86.Build.0 = Release|Any CPU
		{4D798929-9B83-4887-85F8-E7A25DD68B83}.Debug|Any CPU.ActiveCfg = Debug|Any CPU
		{4D798929-9B83-4887-85F8-E7A25DD68B83}.Debug|Any CPU.Build.0 = Debug|Any CPU
		{4D798929-9B83-4887-85F8-E7A25DD68B83}.Debug|x64.ActiveCfg = Debug|Any CPU
		{4D798929-9B83-4887-85F8-E7A25DD68B83}.Debug|x64.Build.0 = Debug|Any CPU
		{4D798929-9B83-4887-85F8-E7A25DD68B83}.Debug|x86.ActiveCfg = Debug|Any CPU
		{4D798929-9B83-4887-85F8-E7A25DD68B83}.Debug|x86.Build.0 = Debug|Any CPU
		{4D798929-9B83-4887-85F8-E7A25DD68B83}.Release|Any CPU.ActiveCfg = Release|Any CPU
		{4D798929-9B83-4887-85F8-E7A25DD68B83}.Release|Any CPU.Build.0 = Release|Any CPU
		{4D798929-9B83-4887-85F8-E7A25DD68B83}.Release|x64.ActiveCfg = Release|Any CPU
		{4D798929-9B83-4887-85F8-E7A25DD68B83}.Release|x64.Build.0 = Release|Any CPU
		{4D798929-9B83-4887-85F8-E7A25DD68B83}.Release|x86.ActiveCfg = Release|Any CPU
		{4D798929-9B83-4887-85F8-E7A25DD68B83}.Release|x86.Build.0 = Release|Any CPU
		{60F2EEB2-C990-4CB1-B81E-8583645A691D}.Debug|Any CPU.ActiveCfg = Debug|Any CPU
		{60F2EEB2-C990-4CB1-B81E-8583645A691D}.Debug|Any CPU.Build.0 = Debug|Any CPU
		{60F2EEB2-C990-4CB1-B81E-8583645A691D}.Debug|x64.ActiveCfg = Debug|Any CPU
		{60F2EEB2-C990-4CB1-B81E-8583645A691D}.Debug|x64.Build.0 = Debug|Any CPU
		{60F2EEB2-C990-4CB1-B81E-8583645A691D}.Debug|x86.ActiveCfg = Debug|Any CPU
		{60F2EEB2-C990-4CB1-B81E-8583645A691D}.Debug|x86.Build.0 = Debug|Any CPU
		{60F2EEB2-C990-4CB1-B81E-8583645A691D}.Release|Any CPU.ActiveCfg = Release|Any CPU
		{60F2EEB2-C990-4CB1-B81E-8583645A691D}.Release|Any CPU.Build.0 = Release|Any CPU
		{60F2EEB2-C990-4CB1-B81E-8583645A691D}.Release|x64.ActiveCfg = Release|Any CPU
		{60F2EEB2-C990-4CB1-B81E-8583645A691D}.Release|x64.Build.0 = Release|Any CPU
		{60F2EEB2-C990-4CB1-B81E-8583645A691D}.Release|x86.ActiveCfg = Release|Any CPU
		{60F2EEB2-C990-4CB1-B81E-8583645A691D}.Release|x86.Build.0 = Release|Any CPU
		{1B5C42BF-DC42-4117-8D8C-EF2D947C374D}.Debug|Any CPU.ActiveCfg = Debug|Any CPU
		{1B5C42BF-DC42-4117-8D8C-EF2D947C374D}.Debug|Any CPU.Build.0 = Debug|Any CPU
		{1B5C42BF-DC42-4117-8D8C-EF2D947C374D}.Debug|x64.ActiveCfg = Debug|Any CPU
		{1B5C42BF-DC42-4117-8D8C-EF2D947C374D}.Debug|x64.Build.0 = Debug|Any CPU
		{1B5C42BF-DC42-4117-8D8C-EF2D947C374D}.Debug|x86.ActiveCfg = Debug|Any CPU
		{1B5C42BF-DC42-4117-8D8C-EF2D947C374D}.Debug|x86.Build.0 = Debug|Any CPU
		{1B5C42BF-DC42-4117-8D8C-EF2D947C374D}.Release|Any CPU.ActiveCfg = Release|Any CPU
		{1B5C42BF-DC42-4117-8D8C-EF2D947C374D}.Release|Any CPU.Build.0 = Release|Any CPU
		{1B5C42BF-DC42-4117-8D8C-EF2D947C374D}.Release|x64.ActiveCfg = Release|Any CPU
		{1B5C42BF-DC42-4117-8D8C-EF2D947C374D}.Release|x64.Build.0 = Release|Any CPU
		{1B5C42BF-DC42-4117-8D8C-EF2D947C374D}.Release|x86.ActiveCfg = Release|Any CPU
		{1B5C42BF-DC42-4117-8D8C-EF2D947C374D}.Release|x86.Build.0 = Release|Any CPU
		{110C5598-5337-4CE6-A47C-3A54209A5C72}.Debug|Any CPU.ActiveCfg = Debug|Any CPU
		{110C5598-5337-4CE6-A47C-3A54209A5C72}.Debug|Any CPU.Build.0 = Debug|Any CPU
		{110C5598-5337-4CE6-A47C-3A54209A5C72}.Debug|x64.ActiveCfg = Debug|Any CPU
		{110C5598-5337-4CE6-A47C-3A54209A5C72}.Debug|x64.Build.0 = Debug|Any CPU
		{110C5598-5337-4CE6-A47C-3A54209A5C72}.Debug|x86.ActiveCfg = Debug|Any CPU
		{110C5598-5337-4CE6-A47C-3A54209A5C72}.Debug|x86.Build.0 = Debug|Any CPU
		{110C5598-5337-4CE6-A47C-3A54209A5C72}.Release|Any CPU.ActiveCfg = Release|Any CPU
		{110C5598-5337-4CE6-A47C-3A54209A5C72}.Release|Any CPU.Build.0 = Release|Any CPU
		{110C5598-5337-4CE6-A47C-3A54209A5C72}.Release|x64.ActiveCfg = Release|Any CPU
		{110C5598-5337-4CE6-A47C-3A54209A5C72}.Release|x64.Build.0 = Release|Any CPU
		{110C5598-5337-4CE6-A47C-3A54209A5C72}.Release|x86.ActiveCfg = Release|Any CPU
		{110C5598-5337-4CE6-A47C-3A54209A5C72}.Release|x86.Build.0 = Release|Any CPU
		{9F2DC1F0-88E3-4DEE-A271-41D6F8C68B6A}.Debug|Any CPU.ActiveCfg = Debug|Any CPU
		{9F2DC1F0-88E3-4DEE-A271-41D6F8C68B6A}.Debug|Any CPU.Build.0 = Debug|Any CPU
		{9F2DC1F0-88E3-4DEE-A271-41D6F8C68B6A}.Debug|x64.ActiveCfg = Debug|Any CPU
		{9F2DC1F0-88E3-4DEE-A271-41D6F8C68B6A}.Debug|x64.Build.0 = Debug|Any CPU
		{9F2DC1F0-88E3-4DEE-A271-41D6F8C68B6A}.Debug|x86.ActiveCfg = Debug|Any CPU
		{9F2DC1F0-88E3-4DEE-A271-41D6F8C68B6A}.Debug|x86.Build.0 = Debug|Any CPU
		{9F2DC1F0-88E3-4DEE-A271-41D6F8C68B6A}.Release|Any CPU.ActiveCfg = Release|Any CPU
		{9F2DC1F0-88E3-4DEE-A271-41D6F8C68B6A}.Release|Any CPU.Build.0 = Release|Any CPU
		{9F2DC1F0-88E3-4DEE-A271-41D6F8C68B6A}.Release|x64.ActiveCfg = Release|Any CPU
		{9F2DC1F0-88E3-4DEE-A271-41D6F8C68B6A}.Release|x64.Build.0 = Release|Any CPU
		{9F2DC1F0-88E3-4DEE-A271-41D6F8C68B6A}.Release|x86.ActiveCfg = Release|Any CPU
		{9F2DC1F0-88E3-4DEE-A271-41D6F8C68B6A}.Release|x86.Build.0 = Release|Any CPU
	EndGlobalSection
	GlobalSection(SolutionProperties) = preSolution
		HideSolutionNode = FALSE
	EndGlobalSection
	GlobalSection(NestedProjects) = preSolution
		{1AE73193-A709-4809-AC2E-EA217091A1AA} = {AFAA0841-BD93-466F-B8F4-FB4EEC86F1FC}
		{5D510C62-9A3E-4978-A8AE-3268401BA33A} = {B88EC554-4EC8-41E3-A268-D8E301D174D9}
		{4351A6AB-6DEC-4945-B151-837FEEE08D20} = {AFAA0841-BD93-466F-B8F4-FB4EEC86F1FC}
		{E3B2A85A-7422-4FE2-B990-BF79B85488F1} = {4351A6AB-6DEC-4945-B151-837FEEE08D20}
		{954C4224-8F2E-43A4-AD7F-0A70FC8D8096} = {AFAA0841-BD93-466F-B8F4-FB4EEC86F1FC}
		{BC615F76-58BA-44DC-8BF3-E848742ECF8F} = {954C4224-8F2E-43A4-AD7F-0A70FC8D8096}
		{958D8CDD-0DD1-4D4A-B66B-DD5CB51D1D57} = {1AE73193-A709-4809-AC2E-EA217091A1AA}
		{68DACB9D-18E1-4E9D-B209-107D4E41AFE7} = {4351A6AB-6DEC-4945-B151-837FEEE08D20}
		{D0854496-75B9-422A-9576-FC342973C704} = {1AE73193-A709-4809-AC2E-EA217091A1AA}
		{B7A88A21-0F68-451C-9F59-8CA42AC92D68} = {AFAA0841-BD93-466F-B8F4-FB4EEC86F1FC}
		{14982DDD-FB5E-47B8-9D96-3F6493CB9E36} = {B7A88A21-0F68-451C-9F59-8CA42AC92D68}
		{E0CABA15-40EC-464A-A504-5A994E4F423F} = {1AE73193-A709-4809-AC2E-EA217091A1AA}
		{4D798929-9B83-4887-85F8-E7A25DD68B83} = {954C4224-8F2E-43A4-AD7F-0A70FC8D8096}
		{60F2EEB2-C990-4CB1-B81E-8583645A691D} = {1AE73193-A709-4809-AC2E-EA217091A1AA}
		{1B5C42BF-DC42-4117-8D8C-EF2D947C374D} = {954C4224-8F2E-43A4-AD7F-0A70FC8D8096}
		{110C5598-5337-4CE6-A47C-3A54209A5C72} = {4351A6AB-6DEC-4945-B151-837FEEE08D20}
		{9F2DC1F0-88E3-4DEE-A271-41D6F8C68B6A} = {1AE73193-A709-4809-AC2E-EA217091A1AA}
	EndGlobalSection
	GlobalSection(ExtensibilityGlobals) = postSolution
		SolutionGuid = {CF286632-D54B-4712-A288-30A878DFC014}
	EndGlobalSection
EndGlobal
